PODS:
  - Facebook-iOS-SDK (3.7.1)
  - JSONKit (1.5pre)
  - Parse (1.2.11):
    - Facebook-iOS-SDK (~> 3.5)

DEPENDENCIES:
  - JSONKit (~> 1.4)
  - Parse (~> 1.2.9)

SPEC CHECKSUMS:
  Facebook-iOS-SDK: bf38d403928f6adb652e2e5ae46253e0c6ba9a19
  JSONKit: 409734ab3407fce90ef7eaa95d7168f38d9a6601
  Parse: 4e4750205c339336efd11d2fe24e8ee3112fb3db

COCOAPODS: 0.23.0
